// !$*UTF8*$!
{
	archiveVersion = 1;
	classes = {
	};
	objectVersion = 46;
	objects = {

/* Begin PBXBuildFile section */
		3650F57EDBE52E4C65FE8880 /* libPods.a in Frameworks */ = {isa = PBXBuildFile; fileRef = C5D843ECCE28D1F08BC29629 /* libPods.a */; };
		F87E0A9C1CD4EFB70058B478 /* QHCSubTagModel.m in Sources */ = {isa = PBXBuildFile; fileRef = F87E0A9B1CD4EFB70058B478 /* QHCSubTagModel.m */; };
		F87E0A9F1CD505280058B478 /* QHCSubTagCell.m in Sources */ = {isa = PBXBuildFile; fileRef = F87E0A9E1CD505280058B478 /* QHCSubTagCell.m */; };
		F87E0AAB1CD7309D0058B478 /* UIImage+QHCCircleImage.m in Sources */ = {isa = PBXBuildFile; fileRef = F87E0AAA1CD7309D0058B478 /* UIImage+QHCCircleImage.m */; };
		F87E0AAE1CD7322B0058B478 /* UIImageView+QHCCircleImageView.m in Sources */ = {isa = PBXBuildFile; fileRef = F87E0AAD1CD7322B0058B478 /* UIImageView+QHCCircleImageView.m */; };
		F8B41F431CD0C51F0037F306 /* Assets.xcassets in Resources */ = {isa = PBXBuildFile; fileRef = F8B41F421CD0C51F0037F306 /* Assets.xcassets */; };
		F8B41F881CD1C1230037F306 /* QHCEssenceViewController.m in Sources */ = {isa = PBXBuildFile; fileRef = F8B41F671CD1C1230037F306 /* QHCEssenceViewController.m */; };
		F8B41F891CD1C1230037F306 /* QHCFriendTrendsViewController.m in Sources */ = {isa = PBXBuildFile; fileRef = F8B41F6D1CD1C1230037F306 /* QHCFriendTrendsViewController.m */; };
		F8B41F8A1CD1C1230037F306 /* QHCMeViewController.m in Sources */ = {isa = PBXBuildFile; fileRef = F8B41F731CD1C1230037F306 /* QHCMeViewController.m */; };
		F8B41F8B1CD1C1230037F306 /* QHCNewViewController.m in Sources */ = {isa = PBXBuildFile; fileRef = F8B41F791CD1C1230037F306 /* QHCNewViewController.m */; };
		F8B41F8D1CD1C1230037F306 /* Baisi.xcdatamodeld in Sources */ = {isa = PBXBuildFile; fileRef = F8B41F7D1CD1C1230037F306 /* Baisi.xcdatamodeld */; };
		F8B41F8E1CD1C1230037F306 /* Info.plist in Resources */ = {isa = PBXBuildFile; fileRef = F8B41F801CD1C1230037F306 /* Info.plist */; };
		F8B41F8F1CD1C1230037F306 /* main.m in Sources */ = {isa = PBXBuildFile; fileRef = F8B41F811CD1C1230037F306 /* main.m */; };
		F8B41F961CD1CBF70037F306 /* QHCSettingViewController.m in Sources */ = {isa = PBXBuildFile; fileRef = F8B41F951CD1CBF70037F306 /* QHCSettingViewController.m */; };
		F8B41F9A1CD1CD080037F306 /* UIBarButtonItem+QHCBarButtonItem.m in Sources */ = {isa = PBXBuildFile; fileRef = F8B41F991CD1CD080037F306 /* UIBarButtonItem+QHCBarButtonItem.m */; };
		F8B41F9D1CD2059E0037F306 /* QHCTestViewController.m in Sources */ = {isa = PBXBuildFile; fileRef = F8B41F9C1CD2059E0037F306 /* QHCTestViewController.m */; };
		F8B41FA31CD21A9B0037F306 /* QHCLoginViewController.m in Sources */ = {isa = PBXBuildFile; fileRef = F8B41FA21CD21A9B0037F306 /* QHCLoginViewController.m */; };
		F8B41FA61CD21ABA0037F306 /* QHCButton.m in Sources */ = {isa = PBXBuildFile; fileRef = F8B41FA51CD21ABA0037F306 /* QHCButton.m */; };
		F8BCD74D1CD74649005DD79D /* QHCMeCell.m in Sources */ = {isa = PBXBuildFile; fileRef = F8BCD74C1CD74649005DD79D /* QHCMeCell.m */; };
		F8BCD7501CD7466E005DD79D /* QHCMeFooterView.m in Sources */ = {isa = PBXBuildFile; fileRef = F8BCD74F1CD7466E005DD79D /* QHCMeFooterView.m */; };
		F8BCD7591CD78AB2005DD79D /* UIView+QHCExtension.m in Sources */ = {isa = PBXBuildFile; fileRef = F8BCD7581CD78AB2005DD79D /* UIView+QHCExtension.m */; };
		F8BCD75C1CD78D95005DD79D /* QHCSquareButton.m in Sources */ = {isa = PBXBuildFile; fileRef = F8BCD75B1CD78D95005DD79D /* QHCSquareButton.m */; };
		F8BCD75F1CD78DE2005DD79D /* QHCSquareModel.m in Sources */ = {isa = PBXBuildFile; fileRef = F8BCD75E1CD78DE2005DD79D /* QHCSquareModel.m */; };
		F8BCD7621CD7A8D6005DD79D /* QHCWebView.m in Sources */ = {isa = PBXBuildFile; fileRef = F8BCD7611CD7A8D6005DD79D /* QHCWebView.m */; };
		F8C669531CD896B400944EC5 /* QHCClearCacheCell.m in Sources */ = {isa = PBXBuildFile; fileRef = F8C669521CD896B400944EC5 /* QHCClearCacheCell.m */; };
		F8C669561CD898A300944EC5 /* QHCOtherCell.m in Sources */ = {isa = PBXBuildFile; fileRef = F8C669551CD898A300944EC5 /* QHCOtherCell.m */; };
		F8C6695C1CD89D8300944EC5 /* NSString+QHCFileSize.m in Sources */ = {isa = PBXBuildFile; fileRef = F8C6695B1CD89D8300944EC5 /* NSString+QHCFileSize.m */; };
		F8C6695F1CD8BE0100944EC5 /* QHCAllViewController.m in Sources */ = {isa = PBXBuildFile; fileRef = F8C6695E1CD8BE0100944EC5 /* QHCAllViewController.m */; };
		F8C669621CD8BE5300944EC5 /* QHCVideoViewController.m in Sources */ = {isa = PBXBuildFile; fileRef = F8C669611CD8BE5300944EC5 /* QHCVideoViewController.m */; };
		F8C669651CD8BE6600944EC5 /* QHCVoiceViewController.m in Sources */ = {isa = PBXBuildFile; fileRef = F8C669641CD8BE6600944EC5 /* QHCVoiceViewController.m */; };
		F8C669681CD8BE7B00944EC5 /* QHCPictureViewController.m in Sources */ = {isa = PBXBuildFile; fileRef = F8C669671CD8BE7B00944EC5 /* QHCPictureViewController.m */; };
		F8C6696B1CD8BE8A00944EC5 /* QHCWordsViewController.m in Sources */ = {isa = PBXBuildFile; fileRef = F8C6696A1CD8BE8A00944EC5 /* QHCWordsViewController.m */; };
		F8C835301CD3658A002342DB /* QHCSubTagViewController.m in Sources */ = {isa = PBXBuildFile; fileRef = F8C8352F1CD3658A002342DB /* QHCSubTagViewController.m */; };
		F8C835331CD36ACC002342DB /* QHCHttpManger.m in Sources */ = {isa = PBXBuildFile; fileRef = F8C835321CD36ACC002342DB /* QHCHttpManger.m */; };
		F8C835391CD4A0B8002342DB /* QHCShareHttper.m in Sources */ = {isa = PBXBuildFile; fileRef = F8C835381CD4A0B8002342DB /* QHCShareHttper.m */; };
		F8C8353E1CD4CC21002342DB /* AppDelegate.m in Sources */ = {isa = PBXBuildFile; fileRef = F8C8353C1CD4CC21002342DB /* AppDelegate.m */; };
		F8C835461CD4CC40002342DB /* QHCNavigationViewController.m in Sources */ = {isa = PBXBuildFile; fileRef = F8C835411CD4CC40002342DB /* QHCNavigationViewController.m */; };
		F8C835471CD4CC40002342DB /* QHCTabBar.m in Sources */ = {isa = PBXBuildFile; fileRef = F8C835431CD4CC40002342DB /* QHCTabBar.m */; };
		F8C835481CD4CC40002342DB /* QHCTabBarVC.m in Sources */ = {isa = PBXBuildFile; fileRef = F8C835451CD4CC40002342DB /* QHCTabBarVC.m */; };
/* End PBXBuildFile section */

/* Begin PBXFileReference section */
		2F8A04677EB3A8E158219F63 /* Pods.debug.xcconfig */ = {isa = PBXFileReference; includeInIndex = 1; lastKnownFileType = text.xcconfig; name = Pods.debug.xcconfig; path = "Pods/Target Support Files/Pods/Pods.debug.xcconfig"; sourceTree = "<group>"; };
		AAD2376BC69302D5111E0809 /* Pods.release.xcconfig */ = {isa = PBXFileReference; includeInIndex = 1; lastKnownFileType = text.xcconfig; name = Pods.release.xcconfig; path = "Pods/Target Support Files/Pods/Pods.release.xcconfig"; sourceTree = "<group>"; };
		C5D843ECCE28D1F08BC29629 /* libPods.a */ = {isa = PBXFileReference; explicitFileType = archive.ar; includeInIndex = 0; path = libPods.a; sourceTree = BUILT_PRODUCTS_DIR; };
		F87E0A9A1CD4EFB70058B478 /* QHCSubTagModel.h */ = {isa = PBXFileReference; fileEncoding = 4; lastKnownFileType = sourcecode.c.h; path = QHCSubTagModel.h; sourceTree = "<group>"; };
		F87E0A9B1CD4EFB70058B478 /* QHCSubTagModel.m */ = {isa = PBXFileReference; fileEncoding = 4; lastKnownFileType = sourcecode.c.objc; path = QHCSubTagModel.m; sourceTree = "<group>"; };
		F87E0A9D1CD505280058B478 /* QHCSubTagCell.h */ = {isa = PBXFileReference; fileEncoding = 4; lastKnownFileType = sourcecode.c.h; path = QHCSubTagCell.h; sourceTree = "<group>"; };
		F87E0A9E1CD505280058B478 /* QHCSubTagCell.m */ = {isa = PBXFileReference; fileEncoding = 4; lastKnownFileType = sourcecode.c.objc; path = QHCSubTagCell.m; sourceTree = "<group>"; };
		F87E0AA91CD7309D0058B478 /* UIImage+QHCCircleImage.h */ = {isa = PBXFileReference; fileEncoding = 4; lastKnownFileType = sourcecode.c.h; path = "UIImage+QHCCircleImage.h"; sourceTree = "<group>"; };
		F87E0AAA1CD7309D0058B478 /* UIImage+QHCCircleImage.m */ = {isa = PBXFileReference; fileEncoding = 4; lastKnownFileType = sourcecode.c.objc; path = "UIImage+QHCCircleImage.m"; sourceTree = "<group>"; };
		F87E0AAC1CD7322B0058B478 /* UIImageView+QHCCircleImageView.h */ = {isa = PBXFileReference; fileEncoding = 4; lastKnownFileType = sourcecode.c.h; path = "UIImageView+QHCCircleImageView.h"; sourceTree = "<group>"; };
		F87E0AAD1CD7322B0058B478 /* UIImageView+QHCCircleImageView.m */ = {isa = PBXFileReference; fileEncoding = 4; lastKnownFileType = sourcecode.c.objc; path = "UIImageView+QHCCircleImageView.m"; sourceTree = "<group>"; };
		F8B41F301CD0C51F0037F306 /* Baisi.app */ = {isa = PBXFileReference; explicitFileType = wrapper.application; includeInIndex = 0; path = Baisi.app; sourceTree = BUILT_PRODUCTS_DIR; };
		F8B41F421CD0C51F0037F306 /* Assets.xcassets */ = {isa = PBXFileReference; lastKnownFileType = folder.assetcatalog; path = Assets.xcassets; sourceTree = "<group>"; };
		F8B41F661CD1C1230037F306 /* QHCEssenceViewController.h */ = {isa = PBXFileReference; fileEncoding = 4; lastKnownFileType = sourcecode.c.h; path = QHCEssenceViewController.h; sourceTree = "<group>"; };
		F8B41F671CD1C1230037F306 /* QHCEssenceViewController.m */ = {isa = PBXFileReference; fileEncoding = 4; lastKnownFileType = sourcecode.c.objc; path = QHCEssenceViewController.m; sourceTree = "<group>"; };
		F8B41F6C1CD1C1230037F306 /* QHCFriendTrendsViewController.h */ = {isa = PBXFileReference; fileEncoding = 4; lastKnownFileType = sourcecode.c.h; path = QHCFriendTrendsViewController.h; sourceTree = "<group>"; };
		F8B41F6D1CD1C1230037F306 /* QHCFriendTrendsViewController.m */ = {isa = PBXFileReference; fileEncoding = 4; lastKnownFileType = sourcecode.c.objc; path = QHCFriendTrendsViewController.m; sourceTree = "<group>"; };
		F8B41F721CD1C1230037F306 /* QHCMeViewController.h */ = {isa = PBXFileReference; fileEncoding = 4; lastKnownFileType = sourcecode.c.h; path = QHCMeViewController.h; sourceTree = "<group>"; };
		F8B41F731CD1C1230037F306 /* QHCMeViewController.m */ = {isa = PBXFileReference; fileEncoding = 4; lastKnownFileType = sourcecode.c.objc; path = QHCMeViewController.m; sourceTree = "<group>"; };
		F8B41F781CD1C1230037F306 /* QHCNewViewController.h */ = {isa = PBXFileReference; fileEncoding = 4; lastKnownFileType = sourcecode.c.h; path = QHCNewViewController.h; sourceTree = "<group>"; };
		F8B41F791CD1C1230037F306 /* QHCNewViewController.m */ = {isa = PBXFileReference; fileEncoding = 4; lastKnownFileType = sourcecode.c.objc; path = QHCNewViewController.m; sourceTree = "<group>"; };
		F8B41F7E1CD1C1230037F306 /* Baisi.xcdatamodel */ = {isa = PBXFileReference; lastKnownFileType = wrapper.xcdatamodel; path = Baisi.xcdatamodel; sourceTree = "<group>"; };
		F8B41F801CD1C1230037F306 /* Info.plist */ = {isa = PBXFileReference; fileEncoding = 4; lastKnownFileType = text.plist.xml; path = Info.plist; sourceTree = "<group>"; };
		F8B41F811CD1C1230037F306 /* main.m */ = {isa = PBXFileReference; fileEncoding = 4; lastKnownFileType = sourcecode.c.objc; path = main.m; sourceTree = "<group>"; };
		F8B41F941CD1CBF70037F306 /* QHCSettingViewController.h */ = {isa = PBXFileReference; fileEncoding = 4; lastKnownFileType = sourcecode.c.h; path = QHCSettingViewController.h; sourceTree = "<group>"; };
		F8B41F951CD1CBF70037F306 /* QHCSettingViewController.m */ = {isa = PBXFileReference; fileEncoding = 4; lastKnownFileType = sourcecode.c.objc; path = QHCSettingViewController.m; sourceTree = "<group>"; };
		F8B41F981CD1CD080037F306 /* UIBarButtonItem+QHCBarButtonItem.h */ = {isa = PBXFileReference; fileEncoding = 4; lastKnownFileType = sourcecode.c.h; path = "UIBarButtonItem+QHCBarButtonItem.h"; sourceTree = "<group>"; };
		F8B41F991CD1CD080037F306 /* UIBarButtonItem+QHCBarButtonItem.m */ = {isa = PBXFileReference; fileEncoding = 4; lastKnownFileType = sourcecode.c.objc; path = "UIBarButtonItem+QHCBarButtonItem.m"; sourceTree = "<group>"; };
		F8B41F9B1CD2059E0037F306 /* QHCTestViewController.h */ = {isa = PBXFileReference; fileEncoding = 4; lastKnownFileType = sourcecode.c.h; path = QHCTestViewController.h; sourceTree = "<group>"; };
		F8B41F9C1CD2059E0037F306 /* QHCTestViewController.m */ = {isa = PBXFileReference; fileEncoding = 4; lastKnownFileType = sourcecode.c.objc; path = QHCTestViewController.m; sourceTree = "<group>"; };
		F8B41FA11CD21A9B0037F306 /* QHCLoginViewController.h */ = {isa = PBXFileReference; fileEncoding = 4; lastKnownFileType = sourcecode.c.h; path = QHCLoginViewController.h; sourceTree = "<group>"; };
		F8B41FA21CD21A9B0037F306 /* QHCLoginViewController.m */ = {isa = PBXFileReference; fileEncoding = 4; lastKnownFileType = sourcecode.c.objc; path = QHCLoginViewController.m; sourceTree = "<group>"; };
		F8B41FA41CD21ABA0037F306 /* QHCButton.h */ = {isa = PBXFileReference; fileEncoding = 4; lastKnownFileType = sourcecode.c.h; path = QHCButton.h; sourceTree = "<group>"; };
		F8B41FA51CD21ABA0037F306 /* QHCButton.m */ = {isa = PBXFileReference; fileEncoding = 4; lastKnownFileType = sourcecode.c.objc; path = QHCButton.m; sourceTree = "<group>"; };
		F8BCD74B1CD74649005DD79D /* QHCMeCell.h */ = {isa = PBXFileReference; fileEncoding = 4; lastKnownFileType = sourcecode.c.h; path = QHCMeCell.h; sourceTree = "<group>"; };
		F8BCD74C1CD74649005DD79D /* QHCMeCell.m */ = {isa = PBXFileReference; fileEncoding = 4; lastKnownFileType = sourcecode.c.objc; path = QHCMeCell.m; sourceTree = "<group>"; };
		F8BCD74E1CD7466E005DD79D /* QHCMeFooterView.h */ = {isa = PBXFileReference; fileEncoding = 4; lastKnownFileType = sourcecode.c.h; path = QHCMeFooterView.h; sourceTree = "<group>"; };
		F8BCD74F1CD7466E005DD79D /* QHCMeFooterView.m */ = {isa = PBXFileReference; fileEncoding = 4; lastKnownFileType = sourcecode.c.objc; path = QHCMeFooterView.m; sourceTree = "<group>"; };
		F8BCD7571CD78AB2005DD79D /* UIView+QHCExtension.h */ = {isa = PBXFileReference; fileEncoding = 4; lastKnownFileType = sourcecode.c.h; path = "UIView+QHCExtension.h"; sourceTree = "<group>"; };
		F8BCD7581CD78AB2005DD79D /* UIView+QHCExtension.m */ = {isa = PBXFileReference; fileEncoding = 4; lastKnownFileType = sourcecode.c.objc; path = "UIView+QHCExtension.m"; sourceTree = "<group>"; };
		F8BCD75A1CD78D95005DD79D /* QHCSquareButton.h */ = {isa = PBXFileReference; fileEncoding = 4; lastKnownFileType = sourcecode.c.h; path = QHCSquareButton.h; sourceTree = "<group>"; };
		F8BCD75B1CD78D95005DD79D /* QHCSquareButton.m */ = {isa = PBXFileReference; fileEncoding = 4; lastKnownFileType = sourcecode.c.objc; path = QHCSquareButton.m; sourceTree = "<group>"; };
		F8BCD75D1CD78DE2005DD79D /* QHCSquareModel.h */ = {isa = PBXFileReference; fileEncoding = 4; lastKnownFileType = sourcecode.c.h; path = QHCSquareModel.h; sourceTree = "<group>"; };
		F8BCD75E1CD78DE2005DD79D /* QHCSquareModel.m */ = {isa = PBXFileReference; fileEncoding = 4; lastKnownFileType = sourcecode.c.objc; path = QHCSquareModel.m; sourceTree = "<group>"; };
		F8BCD7601CD7A8D6005DD79D /* QHCWebView.h */ = {isa = PBXFileReference; fileEncoding = 4; lastKnownFileType = sourcecode.c.h; path = QHCWebView.h; sourceTree = "<group>"; };
		F8BCD7611CD7A8D6005DD79D /* QHCWebView.m */ = {isa = PBXFileReference; fileEncoding = 4; lastKnownFileType = sourcecode.c.objc; path = QHCWebView.m; sourceTree = "<group>"; };
		F8C669511CD896B400944EC5 /* QHCClearCacheCell.h */ = {isa = PBXFileReference; fileEncoding = 4; lastKnownFileType = sourcecode.c.h; path = QHCClearCacheCell.h; sourceTree = "<group>"; };
		F8C669521CD896B400944EC5 /* QHCClearCacheCell.m */ = {isa = PBXFileReference; fileEncoding = 4; lastKnownFileType = sourcecode.c.objc; path = QHCClearCacheCell.m; sourceTree = "<group>"; };
		F8C669541CD898A300944EC5 /* QHCOtherCell.h */ = {isa = PBXFileReference; fileEncoding = 4; lastKnownFileType = sourcecode.c.h; path = QHCOtherCell.h; sourceTree = "<group>"; };
		F8C669551CD898A300944EC5 /* QHCOtherCell.m */ = {isa = PBXFileReference; fileEncoding = 4; lastKnownFileType = sourcecode.c.objc; path = QHCOtherCell.m; sourceTree = "<group>"; };
		F8C6695A1CD89D8300944EC5 /* NSString+QHCFileSize.h */ = {isa = PBXFileReference; fileEncoding = 4; lastKnownFileType = sourcecode.c.h; path = "NSString+QHCFileSize.h"; sourceTree = "<group>"; };
		F8C6695B1CD89D8300944EC5 /* NSString+QHCFileSize.m */ = {isa = PBXFileReference; fileEncoding = 4; lastKnownFileType = sourcecode.c.objc; path = "NSString+QHCFileSize.m"; sourceTree = "<group>"; };
		F8C6695D1CD8BE0100944EC5 /* QHCAllViewController.h */ = {isa = PBXFileReference; fileEncoding = 4; lastKnownFileType = sourcecode.c.h; path = QHCAllViewController.h; sourceTree = "<group>"; };
		F8C6695E1CD8BE0100944EC5 /* QHCAllViewController.m */ = {isa = PBXFileReference; fileEncoding = 4; lastKnownFileType = sourcecode.c.objc; path = QHCAllViewController.m; sourceTree = "<group>"; };
		F8C669601CD8BE5300944EC5 /* QHCVideoViewController.h */ = {isa = PBXFileReference; fileEncoding = 4; lastKnownFileType = sourcecode.c.h; path = QHCVideoViewController.h; sourceTree = "<group>"; };
		F8C669611CD8BE5300944EC5 /* QHCVideoViewController.m */ = {isa = PBXFileReference; fileEncoding = 4; lastKnownFileType = sourcecode.c.objc; path = QHCVideoViewController.m; sourceTree = "<group>"; };
		F8C669631CD8BE6600944EC5 /* QHCVoiceViewController.h */ = {isa = PBXFileReference; fileEncoding = 4; lastKnownFileType = sourcecode.c.h; path = QHCVoiceViewController.h; sourceTree = "<group>"; };
		F8C669641CD8BE6600944EC5 /* QHCVoiceViewController.m */ = {isa = PBXFileReference; fileEncoding = 4; lastKnownFileType = sourcecode.c.objc; path = QHCVoiceViewController.m; sourceTree = "<group>"; };
		F8C669661CD8BE7B00944EC5 /* QHCPictureViewController.h */ = {isa = PBXFileReference; fileEncoding = 4; lastKnownFileType = sourcecode.c.h; path = QHCPictureViewController.h; sourceTree = "<group>"; };
		F8C669671CD8BE7B00944EC5 /* QHCPictureViewController.m */ = {isa = PBXFileReference; fileEncoding = 4; lastKnownFileType = sourcecode.c.objc; path = QHCPictureViewController.m; sourceTree = "<group>"; };
		F8C669691CD8BE8A00944EC5 /* QHCWordsViewController.h */ = {isa = PBXFileReference; fileEncoding = 4; lastKnownFileType = sourcecode.c.h; path = QHCWordsViewController.h; sourceTree = "<group>"; };
		F8C6696A1CD8BE8A00944EC5 /* QHCWordsViewController.m */ = {isa = PBXFileReference; fileEncoding = 4; lastKnownFileType = sourcecode.c.objc; path = QHCWordsViewController.m; sourceTree = "<group>"; };
		F8C8352E1CD3658A002342DB /* QHCSubTagViewController.h */ = {isa = PBXFileReference; fileEncoding = 4; lastKnownFileType = sourcecode.c.h; path = QHCSubTagViewController.h; sourceTree = "<group>"; };
		F8C8352F1CD3658A002342DB /* QHCSubTagViewController.m */ = {isa = PBXFileReference; fileEncoding = 4; lastKnownFileType = sourcecode.c.objc; path = QHCSubTagViewController.m; sourceTree = "<group>"; };
		F8C835311CD36ACC002342DB /* QHCHttpManger.h */ = {isa = PBXFileReference; fileEncoding = 4; lastKnownFileType = sourcecode.c.h; path = QHCHttpManger.h; sourceTree = "<group>"; };
		F8C835321CD36ACC002342DB /* QHCHttpManger.m */ = {isa = PBXFileReference; fileEncoding = 4; lastKnownFileType = sourcecode.c.objc; path = QHCHttpManger.m; sourceTree = "<group>"; };
		F8C835371CD4A0B8002342DB /* QHCShareHttper.h */ = {isa = PBXFileReference; fileEncoding = 4; lastKnownFileType = sourcecode.c.h; path = QHCShareHttper.h; sourceTree = "<group>"; };
		F8C835381CD4A0B8002342DB /* QHCShareHttper.m */ = {isa = PBXFileReference; fileEncoding = 4; lastKnownFileType = sourcecode.c.objc; path = QHCShareHttper.m; sourceTree = "<group>"; };
		F8C8353B1CD4CC21002342DB /* AppDelegate.h */ = {isa = PBXFileReference; fileEncoding = 4; lastKnownFileType = sourcecode.c.h; path = AppDelegate.h; sourceTree = "<group>"; };
		F8C8353C1CD4CC21002342DB /* AppDelegate.m */ = {isa = PBXFileReference; fileEncoding = 4; lastKnownFileType = sourcecode.c.objc; path = AppDelegate.m; sourceTree = "<group>"; };
		F8C8353D1CD4CC21002342DB /* QHC.pch */ = {isa = PBXFileReference; fileEncoding = 4; lastKnownFileType = sourcecode.c.h; path = QHC.pch; sourceTree = "<group>"; };
		F8C835401CD4CC40002342DB /* QHCNavigationViewController.h */ = {isa = PBXFileReference; fileEncoding = 4; lastKnownFileType = sourcecode.c.h; path = QHCNavigationViewController.h; sourceTree = "<group>"; };
		F8C835411CD4CC40002342DB /* QHCNavigationViewController.m */ = {isa = PBXFileReference; fileEncoding = 4; lastKnownFileType = sourcecode.c.objc; path = QHCNavigationViewController.m; sourceTree = "<group>"; };
		F8C835421CD4CC40002342DB /* QHCTabBar.h */ = {isa = PBXFileReference; fileEncoding = 4; lastKnownFileType = sourcecode.c.h; path = QHCTabBar.h; sourceTree = "<group>"; };
		F8C835431CD4CC40002342DB /* QHCTabBar.m */ = {isa = PBXFileReference; fileEncoding = 4; lastKnownFileType = sourcecode.c.objc; path = QHCTabBar.m; sourceTree = "<group>"; };
		F8C835441CD4CC40002342DB /* QHCTabBarVC.h */ = {isa = PBXFileReference; fileEncoding = 4; lastKnownFileType = sourcecode.c.h; path = QHCTabBarVC.h; sourceTree = "<group>"; };
		F8C835451CD4CC40002342DB /* QHCTabBarVC.m */ = {isa = PBXFileReference; fileEncoding = 4; lastKnownFileType = sourcecode.c.objc; path = QHCTabBarVC.m; sourceTree = "<group>"; };
		F8C835491CD4CCC7002342DB /* Definer.h */ = {isa = PBXFileReference; fileEncoding = 4; lastKnownFileType = sourcecode.c.h; path = Definer.h; sourceTree = "<group>"; };
/* End PBXFileReference section */

/* Begin PBXFrameworksBuildPhase section */
		F8B41F2D1CD0C51F0037F306 /* Frameworks */ = {
			isa = PBXFrameworksBuildPhase;
			buildActionMask = 2147483647;
			files = (
				3650F57EDBE52E4C65FE8880 /* libPods.a in Frameworks */,
			);
			runOnlyForDeploymentPostprocessing = 0;
		};
/* End PBXFrameworksBuildPhase section */

/* Begin PBXGroup section */
		02F7738679C9DE8A8669DFAA /* Pods */ = {
			isa = PBXGroup;
			children = (
				2F8A04677EB3A8E158219F63 /* Pods.debug.xcconfig */,
				AAD2376BC69302D5111E0809 /* Pods.release.xcconfig */,
			);
			name = Pods;
			sourceTree = "<group>";
		};
		AC346308114632031C9EFE9B /* Frameworks */ = {
			isa = PBXGroup;
			children = (
				C5D843ECCE28D1F08BC29629 /* libPods.a */,
			);
			name = Frameworks;
			sourceTree = "<group>";
		};
		F8B41F271CD0C51F0037F306 = {
			isa = PBXGroup;
			children = (
				F8B41F321CD0C51F0037F306 /* Baisi */,
				F8B41F311CD0C51F0037F306 /* Products */,
				02F7738679C9DE8A8669DFAA /* Pods */,
				AC346308114632031C9EFE9B /* Frameworks */,
			);
			sourceTree = "<group>";
		};
		F8B41F311CD0C51F0037F306 /* Products */ = {
			isa = PBXGroup;
			children = (
				F8B41F301CD0C51F0037F306 /* Baisi.app */,
			);
			name = Products;
			sourceTree = "<group>";
		};
		F8B41F321CD0C51F0037F306 /* Baisi */ = {
			isa = PBXGroup;
			children = (
				F8C8353F1CD4CC40002342DB /* TabBar */,
				F8B41F621CD1C1230037F306 /* Essence */,
				F8B41F681CD1C1230037F306 /* FrinendTrends */,
				F8B41F6E1CD1C1230037F306 /* Me */,
				F8B41F741CD1C1230037F306 /* New */,
				F8B41F7A1CD1C1230037F306 /* Other */,
				F8B41F421CD0C51F0037F306 /* Assets.xcassets */,
				F8B41F331CD0C51F0037F306 /* Supporting Files */,
			);
			path = Baisi;
			sourceTree = "<group>";
		};
		F8B41F331CD0C51F0037F306 /* Supporting Files */ = {
			isa = PBXGroup;
			children = (
			);
			name = "Supporting Files";
			sourceTree = "<group>";
		};
		F8B41F621CD1C1230037F306 /* Essence */ = {
			isa = PBXGroup;
			children = (
				F8B41F651CD1C1230037F306 /* ViewContorller */,
				F8B41F631CD1C1230037F306 /* Model */,
				F8B41F641CD1C1230037F306 /* View */,
			);
			path = Essence;
			sourceTree = "<group>";
		};
		F8B41F631CD1C1230037F306 /* Model */ = {
			isa = PBXGroup;
			children = (
				F87E0A9A1CD4EFB70058B478 /* QHCSubTagModel.h */,
				F87E0A9B1CD4EFB70058B478 /* QHCSubTagModel.m */,
			);
			path = Model;
			sourceTree = "<group>";
		};
		F8B41F641CD1C1230037F306 /* View */ = {
			isa = PBXGroup;
			children = (
				F87E0A9D1CD505280058B478 /* QHCSubTagCell.h */,
				F87E0A9E1CD505280058B478 /* QHCSubTagCell.m */,
			);
			path = View;
			sourceTree = "<group>";
		};
		F8B41F651CD1C1230037F306 /* ViewContorller */ = {
			isa = PBXGroup;
			children = (
				F8B41F661CD1C1230037F306 /* QHCEssenceViewController.h */,
				F8B41F671CD1C1230037F306 /* QHCEssenceViewController.m */,
				F8C8352E1CD3658A002342DB /* QHCSubTagViewController.h */,
				F8C8352F1CD3658A002342DB /* QHCSubTagViewController.m */,
				F8C6695D1CD8BE0100944EC5 /* QHCAllViewController.h */,
				F8C6695E1CD8BE0100944EC5 /* QHCAllViewController.m */,
				F8C669601CD8BE5300944EC5 /* QHCVideoViewController.h */,
				F8C669611CD8BE5300944EC5 /* QHCVideoViewController.m */,
				F8C669631CD8BE6600944EC5 /* QHCVoiceViewController.h */,
				F8C669641CD8BE6600944EC5 /* QHCVoiceViewController.m */,
				F8C669661CD8BE7B00944EC5 /* QHCPictureViewController.h */,
				F8C669671CD8BE7B00944EC5 /* QHCPictureViewController.m */,
				F8C669691CD8BE8A00944EC5 /* QHCWordsViewController.h */,
				F8C6696A1CD8BE8A00944EC5 /* QHCWordsViewController.m */,
			);
			path = ViewContorller;
			sourceTree = "<group>";
		};
		F8B41F681CD1C1230037F306 /* FrinendTrends */ = {
			isa = PBXGroup;
			children = (
				F8B41F6B1CD1C1230037F306 /* ViewContorller */,
				F8B41F691CD1C1230037F306 /* Model */,
				F8B41F6A1CD1C1230037F306 /* View */,
			);
			path = FrinendTrends;
			sourceTree = "<group>";
		};
		F8B41F691CD1C1230037F306 /* Model */ = {
			isa = PBXGroup;
			children = (
			);
			path = Model;
			sourceTree = "<group>";
		};
		F8B41F6A1CD1C1230037F306 /* View */ = {
			isa = PBXGroup;
			children = (
				F8B41FA41CD21ABA0037F306 /* QHCButton.h */,
				F8B41FA51CD21ABA0037F306 /* QHCButton.m */,
			);
			path = View;
			sourceTree = "<group>";
		};
		F8B41F6B1CD1C1230037F306 /* ViewContorller */ = {
			isa = PBXGroup;
			children = (
				F8B41F6C1CD1C1230037F306 /* QHCFriendTrendsViewController.h */,
				F8B41F6D1CD1C1230037F306 /* QHCFriendTrendsViewController.m */,
				F8B41F9B1CD2059E0037F306 /* QHCTestViewController.h */,
				F8B41F9C1CD2059E0037F306 /* QHCTestViewController.m */,
				F8B41FA11CD21A9B0037F306 /* QHCLoginViewController.h */,
				F8B41FA21CD21A9B0037F306 /* QHCLoginViewController.m */,
			);
			path = ViewContorller;
			sourceTree = "<group>";
		};
		F8B41F6E1CD1C1230037F306 /* Me */ = {
			isa = PBXGroup;
			children = (
				F8B41F711CD1C1230037F306 /* ViewContorller */,
				F8B41F6F1CD1C1230037F306 /* Model */,
				F8B41F701CD1C1230037F306 /* View */,
			);
			path = Me;
			sourceTree = "<group>";
		};
		F8B41F6F1CD1C1230037F306 /* Model */ = {
			isa = PBXGroup;
			children = (
				F8BCD75D1CD78DE2005DD79D /* QHCSquareModel.h */,
				F8BCD75E1CD78DE2005DD79D /* QHCSquareModel.m */,
			);
			path = Model;
			sourceTree = "<group>";
		};
		F8B41F701CD1C1230037F306 /* View */ = {
			isa = PBXGroup;
			children = (
				F8BCD74B1CD74649005DD79D /* QHCMeCell.h */,
				F8BCD74C1CD74649005DD79D /* QHCMeCell.m */,
				F8BCD74E1CD7466E005DD79D /* QHCMeFooterView.h */,
				F8BCD74F1CD7466E005DD79D /* QHCMeFooterView.m */,
				F8BCD75A1CD78D95005DD79D /* QHCSquareButton.h */,
				F8BCD75B1CD78D95005DD79D /* QHCSquareButton.m */,
				F8C669511CD896B400944EC5 /* QHCClearCacheCell.h */,
				F8C669521CD896B400944EC5 /* QHCClearCacheCell.m */,
				F8C669541CD898A300944EC5 /* QHCOtherCell.h */,
				F8C669551CD898A300944EC5 /* QHCOtherCell.m */,
			);
			path = View;
			sourceTree = "<group>";
		};
		F8B41F711CD1C1230037F306 /* ViewContorller */ = {
			isa = PBXGroup;
			children = (
				F8B41F721CD1C1230037F306 /* QHCMeViewController.h */,
				F8B41F731CD1C1230037F306 /* QHCMeViewController.m */,
				F8B41F941CD1CBF70037F306 /* QHCSettingViewController.h */,
				F8B41F951CD1CBF70037F306 /* QHCSettingViewController.m */,
				F8BCD7601CD7A8D6005DD79D /* QHCWebView.h */,
				F8BCD7611CD7A8D6005DD79D /* QHCWebView.m */,
			);
			path = ViewContorller;
			sourceTree = "<group>";
		};
		F8B41F741CD1C1230037F306 /* New */ = {
			isa = PBXGroup;
			children = (
				F8B41F771CD1C1230037F306 /* ViewContorller */,
				F8B41F751CD1C1230037F306 /* Model */,
				F8B41F761CD1C1230037F306 /* View */,
			);
			path = New;
			sourceTree = "<group>";
		};
		F8B41F751CD1C1230037F306 /* Model */ = {
			isa = PBXGroup;
			children = (
			);
			path = Model;
			sourceTree = "<group>";
		};
		F8B41F761CD1C1230037F306 /* View */ = {
			isa = PBXGroup;
			children = (
			);
			path = View;
			sourceTree = "<group>";
		};
		F8B41F771CD1C1230037F306 /* ViewContorller */ = {
			isa = PBXGroup;
			children = (
				F8B41F781CD1C1230037F306 /* QHCNewViewController.h */,
				F8B41F791CD1C1230037F306 /* QHCNewViewController.m */,
			);
			path = ViewContorller;
			sourceTree = "<group>";
		};
		F8B41F7A1CD1C1230037F306 /* Other */ = {
			isa = PBXGroup;
			children = (
				F8C8353A1CD4CC21002342DB /* App */,
				F8B41F871CD1C1230037F306 /* Tools */,
				F8B41F7F1CD1C1230037F306 /* Category */,
				F8B41F811CD1C1230037F306 /* main.m */,
				F8B41F801CD1C1230037F306 /* Info.plist */,
				F8B41F7D1CD1C1230037F306 /* Baisi.xcdatamodeld */,
			);
			path = Other;
			sourceTree = "<group>";
		};
		F8B41F7F1CD1C1230037F306 /* Category */ = {
			isa = PBXGroup;
			children = (
				F8B41F981CD1CD080037F306 /* UIBarButtonItem+QHCBarButtonItem.h */,
				F8B41F991CD1CD080037F306 /* UIBarButtonItem+QHCBarButtonItem.m */,
				F87E0AA91CD7309D0058B478 /* UIImage+QHCCircleImage.h */,
				F87E0AAA1CD7309D0058B478 /* UIImage+QHCCircleImage.m */,
				F87E0AAC1CD7322B0058B478 /* UIImageView+QHCCircleImageView.h */,
				F87E0AAD1CD7322B0058B478 /* UIImageView+QHCCircleImageView.m */,
				F8BCD7571CD78AB2005DD79D /* UIView+QHCExtension.h */,
				F8BCD7581CD78AB2005DD79D /* UIView+QHCExtension.m */,
				F8C6695A1CD89D8300944EC5 /* NSString+QHCFileSize.h */,
				F8C6695B1CD89D8300944EC5 /* NSString+QHCFileSize.m */,
			);
			path = Category;
			sourceTree = "<group>";
		};
		F8B41F871CD1C1230037F306 /* Tools */ = {
			isa = PBXGroup;
			children = (
				F8C835311CD36ACC002342DB /* QHCHttpManger.h */,
				F8C835321CD36ACC002342DB /* QHCHttpManger.m */,
				F8C835371CD4A0B8002342DB /* QHCShareHttper.h */,
				F8C835381CD4A0B8002342DB /* QHCShareHttper.m */,
			);
			path = Tools;
			sourceTree = "<group>";
		};
		F8C8353A1CD4CC21002342DB /* App */ = {
			isa = PBXGroup;
			children = (
				F8C8353B1CD4CC21002342DB /* AppDelegate.h */,
				F8C8353C1CD4CC21002342DB /* AppDelegate.m */,
				F8C8353D1CD4CC21002342DB /* QHC.pch */,
				F8C835491CD4CCC7002342DB /* Definer.h */,
			);
			path = App;
			sourceTree = "<group>";
		};
		F8C8353F1CD4CC40002342DB /* TabBar */ = {
			isa = PBXGroup;
			children = (
				F8C835401CD4CC40002342DB /* QHCNavigationViewController.h */,
				F8C835411CD4CC40002342DB /* QHCNavigationViewController.m */,
				F8C835421CD4CC40002342DB /* QHCTabBar.h */,
				F8C835431CD4CC40002342DB /* QHCTabBar.m */,
				F8C835441CD4CC40002342DB /* QHCTabBarVC.h */,
				F8C835451CD4CC40002342DB /* QHCTabBarVC.m */,
			);
			path = TabBar;
			sourceTree = "<group>";
		};
/* End PBXGroup section */

/* Begin PBXNativeTarget section */
		F8B41F2F1CD0C51F0037F306 /* Baisi */ = {
			isa = PBXNativeTarget;
			buildConfigurationList = F8B41F4A1CD0C51F0037F306 /* Build configuration list for PBXNativeTarget "Baisi" */;
			buildPhases = (
				472F08A67447A6459CFEE976 /* Check Pods Manifest.lock */,
				F8B41F2C1CD0C51F0037F306 /* Sources */,
				F8B41F2D1CD0C51F0037F306 /* Frameworks */,
				F8B41F2E1CD0C51F0037F306 /* Resources */,
				6F95BAC3A6E4EA1E3A4D415B /* Embed Pods Frameworks */,
				8A24E4510032B45C0FB4C331 /* Copy Pods Resources */,
			);
			buildRules = (
			);
			dependencies = (
			);
			name = Baisi;
			productName = Baisi;
			productReference = F8B41F301CD0C51F0037F306 /* Baisi.app */;
			productType = "com.apple.product-type.application";
		};
/* End PBXNativeTarget section */

/* Begin PBXProject section */
		F8B41F281CD0C51F0037F306 /* Project object */ = {
			isa = PBXProject;
			attributes = {
				CLASSPREFIX = QHC;
				LastUpgradeCheck = 0720;
				ORGANIZATIONNAME = "秦海川";
				TargetAttributes = {
					F8B41F2F1CD0C51F0037F306 = {
						CreatedOnToolsVersion = 7.2;
						DevelopmentTeam = EU8Z6W74BP;
					};
				};
			};
			buildConfigurationList = F8B41F2B1CD0C51F0037F306 /* Build configuration list for PBXProject "Baisi" */;
			compatibilityVersion = "Xcode 3.2";
			developmentRegion = English;
			hasScannedForEncodings = 0;
			knownRegions = (
				en,
				Base,
			);
			mainGroup = F8B41F271CD0C51F0037F306;
			productRefGroup = F8B41F311CD0C51F0037F306 /* Products */;
			projectDirPath = "";
			projectRoot = "";
			targets = (
				F8B41F2F1CD0C51F0037F306 /* Baisi */,
			);
		};
/* End PBXProject section */

/* Begin PBXResourcesBuildPhase section */
		F8B41F2E1CD0C51F0037F306 /* Resources */ = {
			isa = PBXResourcesBuildPhase;
			buildActionMask = 2147483647;
			files = (
				F8B41F431CD0C51F0037F306 /* Assets.xcassets in Resources */,
				F8B41F8E1CD1C1230037F306 /* Info.plist in Resources */,
			);
			runOnlyForDeploymentPostprocessing = 0;
		};
/* End PBXResourcesBuildPhase section */

/* Begin PBXShellScriptBuildPhase section */
		472F08A67447A6459CFEE976 /* Check Pods Manifest.lock */ = {
			isa = PBXShellScriptBuildPhase;
			buildActionMask = 2147483647;
			files = (
			);
			inputPaths = (
			);
			name = "Check Pods Manifest.lock";
			outputPaths = (
			);
			runOnlyForDeploymentPostprocessing = 0;
			shellPath = /bin/sh;
			shellScript = "diff \"${PODS_ROOT}/../Podfile.lock\" \"${PODS_ROOT}/Manifest.lock\" > /dev/null\nif [[ $? != 0 ]] ; then\n    cat << EOM\nerror: The sandbox is not in sync with the Podfile.lock. Run 'pod install' or update your CocoaPods installation.\nEOM\n    exit 1\nfi\n";
			showEnvVarsInLog = 0;
		};
		6F95BAC3A6E4EA1E3A4D415B /* Embed Pods Frameworks */ = {
			isa = PBXShellScriptBuildPhase;
			buildActionMask = 2147483647;
			files = (
			);
			inputPaths = (
			);
			name = "Embed Pods Frameworks";
			outputPaths = (
			);
			runOnlyForDeploymentPostprocessing = 0;
			shellPath = /bin/sh;
			shellScript = "\"${SRCROOT}/Pods/Target Support Files/Pods/Pods-frameworks.sh\"\n";
			showEnvVarsInLog = 0;
		};
		8A24E4510032B45C0FB4C331 /* Copy Pods Resources */ = {
			isa = PBXShellScriptBuildPhase;
			buildActionMask = 2147483647;
			files = (
			);
			inputPaths = (
			);
			name = "Copy Pods Resources";
			outputPaths = (
			);
			runOnlyForDeploymentPostprocessing = 0;
			shellPath = /bin/sh;
			shellScript = "\"${SRCROOT}/Pods/Target Support Files/Pods/Pods-resources.sh\"\n";
			showEnvVarsInLog = 0;
		};
/* End PBXShellScriptBuildPhase section */

/* Begin PBXSourcesBuildPhase section */
		F8B41F2C1CD0C51F0037F306 /* Sources */ = {
			isa = PBXSourcesBuildPhase;
			buildActionMask = 2147483647;
			files = (
				F8C8353E1CD4CC21002342DB /* AppDelegate.m in Sources */,
				F8B41F881CD1C1230037F306 /* QHCEssenceViewController.m in Sources */,
				F8B41F8D1CD1C1230037F306 /* Baisi.xcdatamodeld in Sources */,
				F8C835301CD3658A002342DB /* QHCSubTagViewController.m in Sources */,
				F87E0A9F1CD505280058B478 /* QHCSubTagCell.m in Sources */,
				F8C6695F1CD8BE0100944EC5 /* QHCAllViewController.m in Sources */,
				F8C835481CD4CC40002342DB /* QHCTabBarVC.m in Sources */,
				F87E0AAE1CD7322B0058B478 /* UIImageView+QHCCircleImageView.m in Sources */,
				F8B41F961CD1CBF70037F306 /* QHCSettingViewController.m in Sources */,
				F8B41F8B1CD1C1230037F306 /* QHCNewViewController.m in Sources */,
				F8C835331CD36ACC002342DB /* QHCHttpManger.m in Sources */,
				F8B41F8A1CD1C1230037F306 /* QHCMeViewController.m in Sources */,
				F8C669621CD8BE5300944EC5 /* QHCVideoViewController.m in Sources */,
				F8B41F8F1CD1C1230037F306 /* main.m in Sources */,
				F8C835471CD4CC40002342DB /* QHCTabBar.m in Sources */,
				F8B41FA31CD21A9B0037F306 /* QHCLoginViewController.m in Sources */,
				F87E0AAB1CD7309D0058B478 /* UIImage+QHCCircleImage.m in Sources */,
				F8C6696B1CD8BE8A00944EC5 /* QHCWordsViewController.m in Sources */,
				F8C669681CD8BE7B00944EC5 /* QHCPictureViewController.m in Sources */,
				F8C669561CD898A300944EC5 /* QHCOtherCell.m in Sources */,
				F8BCD75C1CD78D95005DD79D /* QHCSquareButton.m in Sources */,
				F87E0A9C1CD4EFB70058B478 /* QHCSubTagModel.m in Sources */,
				F8C669651CD8BE6600944EC5 /* QHCVoiceViewController.m in Sources */,
				F8BCD75F1CD78DE2005DD79D /* QHCSquareModel.m in Sources */,
				F8C669531CD896B400944EC5 /* QHCClearCacheCell.m in Sources */,
				F8B41F891CD1C1230037F306 /* QHCFriendTrendsViewController.m in Sources */,
				F8BCD74D1CD74649005DD79D /* QHCMeCell.m in Sources */,
				F8B41FA61CD21ABA0037F306 /* QHCButton.m in Sources */,
				F8C835461CD4CC40002342DB /* QHCNavigationViewController.m in Sources */,
				F8BCD7591CD78AB2005DD79D /* UIView+QHCExtension.m in Sources */,
				F8C6695C1CD89D8300944EC5 /* NSString+QHCFileSize.m in Sources */,
				F8BCD7501CD7466E005DD79D /* QHCMeFooterView.m in Sources */,
				F8BCD7621CD7A8D6005DD79D /* QHCWebView.m in Sources */,
				F8B41F9D1CD2059E0037F306 /* QHCTestViewController.m in Sources */,
				F8C835391CD4A0B8002342DB /* QHCShareHttper.m in Sources */,
				F8B41F9A1CD1CD080037F306 /* UIBarButtonItem+QHCBarButtonItem.m in Sources */,
			);
			runOnlyForDeploymentPostprocessing = 0;
		};
/* End PBXSourcesBuildPhase section */

/* Begin XCBuildConfiguration section */
		F8B41F481CD0C51F0037F306 /* Debug */ = {
			isa = XCBuildConfiguration;
			buildSettings = {
				ALWAYS_SEARCH_USER_PATHS = NO;
				CLANG_CXX_LANGUAGE_STANDARD = "gnu++0x";
				CLANG_CXX_LIBRARY = "libc++";
				CLANG_ENABLE_MODULES = YES;
				CLANG_ENABLE_OBJC_ARC = YES;
				CLANG_WARN_BOOL_CONVERSION = YES;
				CLANG_WARN_CONSTANT_CONVERSION = YES;
				CLANG_WARN_DIRECT_OBJC_ISA_USAGE = YES_ERROR;
				CLANG_WARN_EMPTY_BODY = YES;
				CLANG_WARN_ENUM_CONVERSION = YES;
				CLANG_WARN_INT_CONVERSION = YES;
				CLANG_WARN_OBJC_ROOT_CLASS = YES_ERROR;
				CLANG_WARN_UNREACHABLE_CODE = YES;
				CLANG_WARN__DUPLICATE_METHOD_MATCH = YES;
				"CODE_SIGN_IDENTITY[sdk=iphoneos*]" = "iPhone Developer";
				COPY_PHASE_STRIP = NO;
				DEBUG_INFORMATION_FORMAT = dwarf;
				ENABLE_STRICT_OBJC_MSGSEND = YES;
				ENABLE_TESTABILITY = YES;
				GCC_C_LANGUAGE_STANDARD = gnu99;
				GCC_DYNAMIC_NO_PIC = NO;
				GCC_NO_COMMON_BLOCKS = YES;
				GCC_OPTIMIZATION_LEVEL = 0;
				GCC_PREPROCESSOR_DEFINITIONS = (
					"DEBUG=1",
					"$(inherited)",
				);
				GCC_WARN_64_TO_32_BIT_CONVERSION = YES;
				GCC_WARN_ABOUT_RETURN_TYPE = YES_ERROR;
				GCC_WARN_UNDECLARED_SELECTOR = YES;
				GCC_WARN_UNINITIALIZED_AUTOS = YES_AGGRESSIVE;
				GCC_WARN_UNUSED_FUNCTION = YES;
				GCC_WARN_UNUSED_VARIABLE = YES;
				IPHONEOS_DEPLOYMENT_TARGET = 9.2;
				MTL_ENABLE_DEBUG_INFO = YES;
				ONLY_ACTIVE_ARCH = YES;
				SDKROOT = iphoneos;
				TARGETED_DEVICE_FAMILY = "1,2";
			};
			name = Debug;
		};
		F8B41F491CD0C51F0037F306 /* Release */ = {
			isa = XCBuildConfiguration;
			buildSettings = {
				ALWAYS_SEARCH_USER_PATHS = NO;
				CLANG_CXX_LANGUAGE_STANDARD = "gnu++0x";
				CLANG_CXX_LIBRARY = "libc++";
				CLANG_ENABLE_MODULES = YES;
				CLANG_ENABLE_OBJC_ARC = YES;
				CLANG_WARN_BOOL_CONVERSION = YES;
				CLANG_WARN_CONSTANT_CONVERSION = YES;
				CLANG_WARN_DIRECT_OBJC_ISA_USAGE = YES_ERROR;
				CLANG_WARN_EMPTY_BODY = YES;
				CLANG_WARN_ENUM_CONVERSION = YES;
				CLANG_WARN_INT_CONVERSION = YES;
				CLANG_WARN_OBJC_ROOT_CLASS = YES_ERROR;
				CLANG_WARN_UNREACHABLE_CODE = YES;
				CLANG_WARN__DUPLICATE_METHOD_MATCH = YES;
				"CODE_SIGN_IDENTITY[sdk=iphoneos*]" = "iPhone Developer";
				COPY_PHASE_STRIP = NO;
				DEBUG_INFORMATION_FORMAT = "dwarf-with-dsym";
				ENABLE_NS_ASSERTIONS = NO;
				ENABLE_STRICT_OBJC_MSGSEND = YES;
				GCC_C_LANGUAGE_STANDARD = gnu99;
				GCC_NO_COMMON_BLOCKS = YES;
				GCC_WARN_64_TO_32_BIT_CONVERSION = YES;
				GCC_WARN_ABOUT_RETURN_TYPE = YES_ERROR;
				GCC_WARN_UNDECLARED_SELECTOR = YES;
				GCC_WARN_UNINITIALIZED_AUTOS = YES_AGGRESSIVE;
				GCC_WARN_UNUSED_FUNCTION = YES;
				GCC_WARN_UNUSED_VARIABLE = YES;
				IPHONEOS_DEPLOYMENT_TARGET = 9.2;
				MTL_ENABLE_DEBUG_INFO = NO;
				SDKROOT = iphoneos;
				TARGETED_DEVICE_FAMILY = "1,2";
				VALIDATE_PRODUCT = YES;
			};
			name = Release;
		};
		F8B41F4B1CD0C51F0037F306 /* Debug */ = {
			isa = XCBuildConfiguration;
			baseConfigurationReference = 2F8A04677EB3A8E158219F63 /* Pods.debug.xcconfig */;
			buildSettings = {
				ASSETCATALOG_COMPILER_APPICON_NAME = AppIcon;
				ASSETCATALOG_COMPILER_LAUNCHIMAGE_NAME = LaunchImage;
				GCC_PRECOMPILE_PREFIX_HEADER = YES;
				GCC_PREFIX_HEADER = "$(SRCROOT)/Baisi/Other/App/QHC.pch";
				INFOPLIST_FILE = "$(SRCROOT)/Baisi/Other/Info.plist";
				LD_RUNPATH_SEARCH_PATHS = "$(inherited) @executable_path/Frameworks";
				PRODUCT_BUNDLE_IDENTIFIER = QHC.Baisi;
				PRODUCT_NAME = "$(TARGET_NAME)";
			};
			name = Debug;
		};
		F8B41F4C1CD0C51F0037F306 /* Release */ = {
			isa = XCBuildConfiguration;
			baseConfigurationReference = AAD2376BC69302D5111E0809 /* Pods.release.xcconfig */;
			buildSettings = {
				ASSETCATALOG_COMPILER_APPICON_NAME = AppIcon;
				ASSETCATALOG_COMPILER_LAUNCHIMAGE_NAME = LaunchImage;
				GCC_PRECOMPILE_PREFIX_HEADER = YES;
				GCC_PREFIX_HEADER = "$(SRCROOT)/Baisi/Other/App/QHC.pch";
				INFOPLIST_FILE = "$(SRCROOT)/Baisi/Other/Info.plist";
				LD_RUNPATH_SEARCH_PATHS = "$(inherited) @executable_path/Frameworks";
				PRODUCT_BUNDLE_IDENTIFIER = QHC.Baisi;
				PRODUCT_NAME = "$(TARGET_NAME)";
			};
			name = Release;
		};
/* End XCBuildConfiguration section */

/* Begin XCConfigurationList section */
		F8B41F2B1CD0C51F0037F306 /* Build configuration list for PBXProject "Baisi" */ = {
			isa = XCConfigurationList;
			buildConfigurations = (
				F8B41F481CD0C51F0037F306 /* Debug */,
				F8B41F491CD0C51F0037F306 /* Release */,
			);
			defaultConfigurationIsVisible = 0;
			defaultConfigurationName = Release;
		};
		F8B41F4A1CD0C51F0037F306 /* Build configuration list for PBXNativeTarget "Baisi" */ = {
			isa = XCConfigurationList;
			buildConfigurations = (
				F8B41F4B1CD0C51F0037F306 /* Debug */,
				F8B41F4C1CD0C51F0037F306 /* Release */,
			);
			defaultConfigurationIsVisible = 0;
			defaultConfigurationName = Release;
		};
/* End XCConfigurationList section */

/* Begin XCVersionGroup section */
		F8B41F7D1CD1C1230037F306 /* Baisi.xcdatamodeld */ = {
			isa = XCVersionGroup;
			children = (
				F8B41F7E1CD1C1230037F306 /* Baisi.xcdatamodel */,
			);
			currentVersion = F8B41F7E1CD1C1230037F306 /* Baisi.xcdatamodel */;
			path = Baisi.xcdatamodeld;
			sourceTree = "<group>";
			versionGroupType = wrapper.xcdatamodel;
		};
/* End XCVersionGroup section */
	};
	rootObject = F8B41F281CD0C51F0037F306 /* Project object */;
}
